
Microsoft Visual Studio Solution File, Format Version 12.00
# Visual Studio 15
VisualStudioVersion = 15.0.26403.7
MinimumVisualStudioVersion = 10.0.40219.1
Project("{E24C65DC-7377-472B-9ABA-BC803B73C61A}") = "flextrial.Web", "flextrial.Web\", "{9CDE6D77-7A4B-4AE6-A620-26AA10A7070D}"
	ProjectSection(WebsiteProperties) = preProject
		TargetFrameworkMoniker = ".NETFramework,Version%3Dv4.5"
		Debug.AspNetCompiler.VirtualPath = "/localhost_2270"
		Debug.AspNetCompiler.PhysicalPath = "flextrial.Web\"
		Debug.AspNetCompiler.TargetPath = "PrecompiledWeb\localhost_2270\"
		Debug.AspNetCompiler.Updateable = "true"
		Debug.AspNetCompiler.ForceOverwrite = "true"
		Debug.AspNetCompiler.FixedNames = "false"
		Debug.AspNetCompiler.Debug = "True"
		Release.AspNetCompiler.VirtualPath = "/localhost_2270"
		Release.AspNetCompiler.PhysicalPath = "flextrial.Web\"
		Release.AspNetCompiler.TargetPath = "PrecompiledWeb\localhost_2270\"
		Release.AspNetCompiler.Updateable = "true"
		Release.AspNetCompiler.ForceOverwrite = "true"
		Release.AspNetCompiler.FixedNames = "false"
		Release.AspNetCompiler.Debug = "False"
		VWDPort = "2270"
		SlnRelativePath = "flextrial.Web\"
		DefaultWebSiteLanguage = "Visual C#"
	EndProjectSection
	ProjectSection(ProjectDependencies) = postProject
		{DD78349D-4418-43F4-86EA-D52B8B2D22DC} = {DD78349D-4418-43F4-86EA-D52B8B2D22DC}
	EndProjectSection
EndProject
Project("{FAE04EC0-301F-11D3-BF4B-00C04F79EFBC}") = "flextrial.Core", "flextrial.Core\flextrial.Core.csproj", "{DD78349D-4418-43F4-86EA-D52B8B2D22DC}"
EndProject
Global
	GlobalSection(SolutionConfigurationPlatforms) = preSolution
		Debug|Any CPU = Debug|Any CPU
		Release|Any CPU = Release|Any CPU
	EndGlobalSection
	GlobalSection(ProjectConfigurationPlatforms) = postSolution
		{9CDE6D77-7A4B-4AE6-A620-26AA10A7070D}.Debug|Any CPU.ActiveCfg = Debug|Any CPU
		{9CDE6D77-7A4B-4AE6-A620-26AA10A7070D}.Release|Any CPU.ActiveCfg = Debug|Any CPU
		{DD78349D-4418-43F4-86EA-D52B8B2D22DC}.Debug|Any CPU.ActiveCfg = Debug|Any CPU
		{DD78349D-4418-43F4-86EA-D52B8B2D22DC}.Debug|Any CPU.Build.0 = Debug|Any CPU
		{DD78349D-4418-43F4-86EA-D52B8B2D22DC}.Release|Any CPU.ActiveCfg = Release|Any CPU
		{DD78349D-4418-43F4-86EA-D52B8B2D22DC}.Release|Any CPU.Build.0 = Release|Any CPU
	EndGlobalSection
	GlobalSection(SolutionProperties) = preSolution
		HideSolutionNode = FALSE
	EndGlobalSection
EndGlobal
